
Microsoft Visual Studio Solution File, Format Version 12.00
# Visual Studio Version 17
VisualStudioVersion = 17.0.32112.339
MinimumVisualStudioVersion = 10.0.40219.1
Project("{9A19103F-16F7-4668-BE54-9A1E7A4F7556}") = "SuggestionAppUI", "SuggestionAppUI\SuggestionAppUI.csproj", "{AF82EB73-BA97-430A-92C2-653C7DD3DA11}"
EndProject
Project("{9A19103F-16F7-4668-BE54-9A1E7A4F7556}") = "SuggestionAppLibrary", "SuggestionAppLibrary\SuggestionAppLibrary.csproj", "{10B00060-8D8D-4163-A91A-61283B7A0D24}"
EndProject
Project("{2150E333-8FDC-42A3-9474-1A3956D46DE8}") = "Solution Items", "Solution Items", "{029EE582-1E41-4ECB-9CD7-3FE01BF55F4D}"
	ProjectSection(SolutionItems) = preProject
		.editorconfig = .editorconfig
	EndProjectSection
EndProject
Global
	GlobalSection(SolutionConfigurationPlatforms) = preSolution
		Debug|Any CPU = Debug|Any CPU
		Release|Any CPU = Release|Any CPU
	EndGlobalSection
	GlobalSection(ProjectConfigurationPlatforms) = postSolution
		{AF82EB73-BA97-430A-92C2-653C7DD3DA11}.Debug|Any CPU.ActiveCfg = Debug|Any CPU
		{AF82EB73-BA97-430A-92C2-653C7DD3DA11}.Debug|Any CPU.Build.0 = Debug|Any CPU
		{AF82EB73-BA97-430A-92C2-653C7DD3DA11}.Release|Any CPU.ActiveCfg = Release|Any CPU
		{AF82EB73-BA97-430A-92C2-653C7DD3DA11}.Release|Any CPU.Build.0 = Release|Any CPU
		{10B00060-8D8D-4163-A91A-61283B7A0D24}.Debug|Any CPU.ActiveCfg = Debug|Any CPU
		{10B00060-8D8D-4163-A91A-61283B7A0D24}.Debug|Any CPU.Build.0 = Debug|Any CPU
		{10B00060-8D8D-4163-A91A-61283B7A0D24}.Release|Any CPU.ActiveCfg = Release|Any CPU
		{10B00060-8D8D-4163-A91A-61283B7A0D24}.Release|Any CPU.Build.0 = Release|Any CPU
	EndGlobalSection
	GlobalSection(SolutionProperties) = preSolution
		HideSolutionNode = FALSE
	EndGlobalSection
	GlobalSection(ExtensibilityGlobals) = postSolution
		SolutionGuid = {06B95833-67D7-4ACE-92E4-5084B33C80BE}
	EndGlobalSection
EndGlobal
